
Microsoft Visual Studio Solution File, Format Version 12.00
# Visual Studio Version 16
VisualStudioVersion = 16.0.32228.343
MinimumVisualStudioVersion = 10.0.40219.1
Project("{FAE04EC0-301F-11D3-BF4B-00C04F79EFBC}") = "TaskManager", "TaskManager.csproj", "{4CEBD8EE-27F7-40CC-A02C-C8BE241F4C52}"
EndProject
Global
	GlobalSection(SolutionConfigurationPlatforms) = preSolution
		Debug|Any CPU = Debug|Any CPU
		Release|Any CPU = Release|Any CPU
	EndGlobalSection
	GlobalSection(ProjectConfigurationPlatforms) = postSolution
		{4CEBD8EE-27F7-40CC-A02C-C8BE241F4C52}.Debug|Any CPU.ActiveCfg = Debug|Any CPU
		{4CEBD8EE-27F7-40CC-A02C-C8BE241F4C52}.Debug|Any CPU.Build.0 = Debug|Any CPU
		{4CEBD8EE-27F7-40CC-A02C-C8BE241F4C52}.Release|Any CPU.ActiveCfg = Release|Any CPU
		{4CEBD8EE-27F7-40CC-A02C-C8BE241F4C52}.Release|Any CPU.Build.0 = Release|Any CPU
	EndGlobalSection
	GlobalSection(SolutionProperties) = preSolution
		HideSolutionNode = FALSE
	EndGlobalSection
	GlobalSection(ExtensibilityGlobals) = postSolution
		SolutionGuid = {231B7C99-D7FA-44CC-BFF4-11AAB2CA4009}
	EndGlobalSection
EndGlobal
